
Microsoft Visual Studio Solution File, Format Version 12.00
# Visual Studio Version 16
VisualStudioVersion = 16.0.29102.190
MinimumVisualStudioVersion = 10.0.40219.1
Project("{2150E333-8FDC-42A3-9474-1A3956D46DE8}") = "01 - Testes De Unidade", "01 - Testes De Unidade", "{EE222386-933F-4273-9718-73E9B3E6BB9F}"
EndProject
Project("{2150E333-8FDC-42A3-9474-1A3956D46DE8}") = "1.1 - Testes Básicos", "1.1 - Testes Básicos", "{E67A0653-7404-454E-BF86-EFD00DFC3B5E}"
EndProject
Project("{9A19103F-16F7-4668-BE54-9A1E7A4F7556}") = "Demo", "01 - Testes de Unidade\Demo\Demo.csproj", "{68A9AB80-CC8D-4E1A-ADD7-F36734539163}"
EndProject
Project("{9A19103F-16F7-4668-BE54-9A1E7A4F7556}") = "Demo.Tests", "01 - Testes de Unidade\Demo.Tests\Demo.Tests.csproj", "{CBA5248F-ADE4-40E6-8A59-A17F09D11CB8}"
EndProject
Project("{2150E333-8FDC-42A3-9474-1A3956D46DE8}") = "2.2 - Features", "2.2 - Features", "{1BA29AC1-9057-46FB-A95C-03D639B9387A}"
EndProject
Project("{9A19103F-16F7-4668-BE54-9A1E7A4F7556}") = "Features", "Features\Features.csproj", "{66B0049F-E360-45A0-9881-7A0FB97F016A}"
EndProject
Project("{9A19103F-16F7-4668-BE54-9A1E7A4F7556}") = "Features.Tests", "Features.Tests\Features.Tests.csproj", "{E27E651C-8E4C-4986-AED1-93BAB8928E54}"
EndProject
Project("{2150E333-8FDC-42A3-9474-1A3956D46DE8}") = "02 - TDD", "02 - TDD", "{BD6E8803-5C0B-46D0-8824-BF445F8E5895}"
EndProject
Project("{2150E333-8FDC-42A3-9474-1A3956D46DE8}") = "Tests", "Tests", "{E06B568C-2EFB-4E5D-9736-378A8DDA55E0}"
EndProject
Project("{9A19103F-16F7-4668-BE54-9A1E7A4F7556}") = "NerdStore.Vendas.Application.Tests", "02 - TDD\tests\NerdStore.Vendas.Application.Tests\NerdStore.Vendas.Application.Tests.csproj", "{A3DC3F90-6197-480C-BF39-A5AA4AFB21FD}"
EndProject
Project("{9A19103F-16F7-4668-BE54-9A1E7A4F7556}") = "NerdStore.Vendas.Domain.Tests", "02 - TDD\tests\NerdStore.Vendas.Domain.Tests\NerdStore.Vendas.Domain.Tests.csproj", "{0E8FBC2B-47B7-473A-A072-D4ED24C35006}"
EndProject
Project("{9A19103F-16F7-4668-BE54-9A1E7A4F7556}") = "NerdStore.Vendas.Domain", "02 - TDD\src\NerdStore.Vendas.Domain\NerdStore.Vendas.Domain.csproj", "{66022EDE-A164-4727-B131-06F7E4345E12}"
EndProject
Project("{9A19103F-16F7-4668-BE54-9A1E7A4F7556}") = "NerdStore.Core", "02 - TDD\src\NerdStore.Core\NerdStore.Core.csproj", "{C468C501-E30D-4F36-91B4-FE047A20C434}"
EndProject
Project("{9A19103F-16F7-4668-BE54-9A1E7A4F7556}") = "NerdStore.Vendas.Application", "02 - TDD\src\NerdStore.Vendas.Application\NerdStore.Vendas.Application.csproj", "{9D962C63-54F2-4BDD-A8EA-C86B4121E04E}"
EndProject
Project("{FAE04EC0-301F-11D3-BF4B-00C04F79EFBC}") = "NerdStore.Vendas.Data", "02 - TDD\src\NerdStore.Vendas.Data\NerdStore.Vendas.Data.csproj", "{2F283395-1D63-4B93-81CD-6420BE503226}"
EndProject
Global
	GlobalSection(SolutionConfigurationPlatforms) = preSolution
		Debug|Any CPU = Debug|Any CPU
		Release|Any CPU = Release|Any CPU
	EndGlobalSection
	GlobalSection(ProjectConfigurationPlatforms) = postSolution
		{68A9AB80-CC8D-4E1A-ADD7-F36734539163}.Debug|Any CPU.ActiveCfg = Debug|Any CPU
		{68A9AB80-CC8D-4E1A-ADD7-F36734539163}.Debug|Any CPU.Build.0 = Debug|Any CPU
		{68A9AB80-CC8D-4E1A-ADD7-F36734539163}.Release|Any CPU.ActiveCfg = Release|Any CPU
		{68A9AB80-CC8D-4E1A-ADD7-F36734539163}.Release|Any CPU.Build.0 = Release|Any CPU
		{CBA5248F-ADE4-40E6-8A59-A17F09D11CB8}.Debug|Any CPU.ActiveCfg = Debug|Any CPU
		{CBA5248F-ADE4-40E6-8A59-A17F09D11CB8}.Debug|Any CPU.Build.0 = Debug|Any CPU
		{CBA5248F-ADE4-40E6-8A59-A17F09D11CB8}.Release|Any CPU.ActiveCfg = Release|Any CPU
		{CBA5248F-ADE4-40E6-8A59-A17F09D11CB8}.Release|Any CPU.Build.0 = Release|Any CPU
		{66B0049F-E360-45A0-9881-7A0FB97F016A}.Debug|Any CPU.ActiveCfg = Debug|Any CPU
		{66B0049F-E360-45A0-9881-7A0FB97F016A}.Debug|Any CPU.Build.0 = Debug|Any CPU
		{66B0049F-E360-45A0-9881-7A0FB97F016A}.Release|Any CPU.ActiveCfg = Release|Any CPU
		{66B0049F-E360-45A0-9881-7A0FB97F016A}.Release|Any CPU.Build.0 = Release|Any CPU
		{E27E651C-8E4C-4986-AED1-93BAB8928E54}.Debug|Any CPU.ActiveCfg = Debug|Any CPU
		{E27E651C-8E4C-4986-AED1-93BAB8928E54}.Debug|Any CPU.Build.0 = Debug|Any CPU
		{E27E651C-8E4C-4986-AED1-93BAB8928E54}.Release|Any CPU.ActiveCfg = Release|Any CPU
		{E27E651C-8E4C-4986-AED1-93BAB8928E54}.Release|Any CPU.Build.0 = Release|Any CPU
		{A3DC3F90-6197-480C-BF39-A5AA4AFB21FD}.Debug|Any CPU.ActiveCfg = Debug|Any CPU
		{A3DC3F90-6197-480C-BF39-A5AA4AFB21FD}.Debug|Any CPU.Build.0 = Debug|Any CPU
		{A3DC3F90-6197-480C-BF39-A5AA4AFB21FD}.Release|Any CPU.ActiveCfg = Release|Any CPU
		{A3DC3F90-6197-480C-BF39-A5AA4AFB21FD}.Release|Any CPU.Build.0 = Release|Any CPU
		{0E8FBC2B-47B7-473A-A072-D4ED24C35006}.Debug|Any CPU.ActiveCfg = Debug|Any CPU
		{0E8FBC2B-47B7-473A-A072-D4ED24C35006}.Debug|Any CPU.Build.0 = Debug|Any CPU
		{0E8FBC2B-47B7-473A-A072-D4ED24C35006}.Release|Any CPU.ActiveCfg = Release|Any CPU
		{0E8FBC2B-47B7-473A-A072-D4ED24C35006}.Release|Any CPU.Build.0 = Release|Any CPU
		{66022EDE-A164-4727-B131-06F7E4345E12}.Debug|Any CPU.ActiveCfg = Debug|Any CPU
		{66022EDE-A164-4727-B131-06F7E4345E12}.Debug|Any CPU.Build.0 = Debug|Any CPU
		{66022EDE-A164-4727-B131-06F7E4345E12}.Release|Any CPU.ActiveCfg = Release|Any CPU
		{66022EDE-A164-4727-B131-06F7E4345E12}.Release|Any CPU.Build.0 = Release|Any CPU
		{C468C501-E30D-4F36-91B4-FE047A20C434}.Debug|Any CPU.ActiveCfg = Debug|Any CPU
		{C468C501-E30D-4F36-91B4-FE047A20C434}.Debug|Any CPU.Build.0 = Debug|Any CPU
		{C468C501-E30D-4F36-91B4-FE047A20C434}.Release|Any CPU.ActiveCfg = Release|Any CPU
		{C468C501-E30D-4F36-91B4-FE047A20C434}.Release|Any CPU.Build.0 = Release|Any CPU
		{9D962C63-54F2-4BDD-A8EA-C86B4121E04E}.Debug|Any CPU.ActiveCfg = Debug|Any CPU
		{9D962C63-54F2-4BDD-A8EA-C86B4121E04E}.Debug|Any CPU.Build.0 = Debug|Any CPU
		{9D962C63-54F2-4BDD-A8EA-C86B4121E04E}.Release|Any CPU.ActiveCfg = Release|Any CPU
		{9D962C63-54F2-4BDD-A8EA-C86B4121E04E}.Release|Any CPU.Build.0 = Release|Any CPU
		{2F283395-1D63-4B93-81CD-6420BE503226}.Debug|Any CPU.ActiveCfg = Debug|Any CPU
		{2F283395-1D63-4B93-81CD-6420BE503226}.Debug|Any CPU.Build.0 = Debug|Any CPU
		{2F283395-1D63-4B93-81CD-6420BE503226}.Release|Any CPU.ActiveCfg = Release|Any CPU
		{2F283395-1D63-4B93-81CD-6420BE503226}.Release|Any CPU.Build.0 = Release|Any CPU
	EndGlobalSection
	GlobalSection(SolutionProperties) = preSolution
		HideSolutionNode = FALSE
	EndGlobalSection
	GlobalSection(NestedProjects) = preSolution
		{E67A0653-7404-454E-BF86-EFD00DFC3B5E} = {EE222386-933F-4273-9718-73E9B3E6BB9F}
		{68A9AB80-CC8D-4E1A-ADD7-F36734539163} = {E67A0653-7404-454E-BF86-EFD00DFC3B5E}
		{CBA5248F-ADE4-40E6-8A59-A17F09D11CB8} = {E67A0653-7404-454E-BF86-EFD00DFC3B5E}
		{1BA29AC1-9057-46FB-A95C-03D639B9387A} = {EE222386-933F-4273-9718-73E9B3E6BB9F}
		{66B0049F-E360-45A0-9881-7A0FB97F016A} = {1BA29AC1-9057-46FB-A95C-03D639B9387A}
		{E27E651C-8E4C-4986-AED1-93BAB8928E54} = {1BA29AC1-9057-46FB-A95C-03D639B9387A}
		{E06B568C-2EFB-4E5D-9736-378A8DDA55E0} = {BD6E8803-5C0B-46D0-8824-BF445F8E5895}
		{A3DC3F90-6197-480C-BF39-A5AA4AFB21FD} = {E06B568C-2EFB-4E5D-9736-378A8DDA55E0}
		{0E8FBC2B-47B7-473A-A072-D4ED24C35006} = {E06B568C-2EFB-4E5D-9736-378A8DDA55E0}
		{66022EDE-A164-4727-B131-06F7E4345E12} = {BD6E8803-5C0B-46D0-8824-BF445F8E5895}
		{C468C501-E30D-4F36-91B4-FE047A20C434} = {BD6E8803-5C0B-46D0-8824-BF445F8E5895}
		{9D962C63-54F2-4BDD-A8EA-C86B4121E04E} = {BD6E8803-5C0B-46D0-8824-BF445F8E5895}
		{2F283395-1D63-4B93-81CD-6420BE503226} = {BD6E8803-5C0B-46D0-8824-BF445F8E5895}
	EndGlobalSection
	GlobalSection(ExtensibilityGlobals) = postSolution
		SolutionGuid = {CADF2008-653C-4090-9094-860E51199FEB}
	EndGlobalSection
EndGlobal
